{
  "originHash" : "0265c99ee438eeec96e5481b61769ef05ed87ccdf59ebe01913895b3fde8cd26",
  "pins" : [
    {
      "identity" : "asyncbluetooth",
      "kind" : "remoteSourceControl",
      "location" : "https://github.com/manolofdez/AsyncBluetooth",
      "state" : {
        "revision" : "10c00f6d7af8264bc9f4ce1c20a6544dbf6a2147",
        "version" : "6.0.0"
      }
    },
    {
      "identity" : "factory",
      "kind" : "remoteSourceControl",
      "location" : "https://github.com/hmlongco/Factory",
      "state" : {
        "revision" : "fb04a8918848e413d3921d346a23bae7f81088d9",
        "version" : "2.4.3"
      }
    },
    {
      "identity" : "logkit",
      "kind" : "remoteSourceControl",
      "location" : "https://github.com/gdetari/logkit",
      "state" : {
        "branch" : "main",
        "revision" : "e92ff071ee44190e6c44984ffe17bb9183ebffbe"
      }
    }
  ],
  "version" : 3
}
