// !$*UTF8*$!
{
	archiveVersion = 1;
	classes = {
	};
	objectVersion = 56;
	objects = {

/* Begin PBXBuildFile section */
		44A79D632C90499E00BD84DD /* OralableApp.swift in Sources */ = {isa = PBXBuildFile; fileRef = 44A79D622C90499E00BD84DD /* OralableApp.swift */; };
		44A79D672C9049A000BD84DD /* Assets.xcassets in Resources */ = {isa = PBXBuildFile; fileRef = 44A79D662C9049A000BD84DD /* Assets.xcassets */; };
		44A79D6A2C9049A000BD84DD /* Preview Assets.xcassets in Resources */ = {isa = PBXBuildFile; fileRef = 44A79D692C9049A000BD84DD /* Preview Assets.xcassets */; };
		44A79D742C9049A000BD84DD /* OralableTests.swift in Sources */ = {isa = PBXBuildFile; fileRef = 44A79D732C9049A000BD84DD /* OralableTests.swift */; };
		44A79D7E2C9049A000BD84DD /* OralableUITests.swift in Sources */ = {isa = PBXBuildFile; fileRef = 44A79D7D2C9049A000BD84DD /* OralableUITests.swift */; };
		44A79D802C9049A000BD84DD /* OralableUITestsLaunchTests.swift in Sources */ = {isa = PBXBuildFile; fileRef = 44A79D7F2C9049A000BD84DD /* OralableUITestsLaunchTests.swift */; };
		AF4C15A82D1D6D4E00AAA005 /* BluetoothService.swift in Sources */ = {isa = PBXBuildFile; fileRef = AF4C15A72D1D6D4E00AAA005 /* BluetoothService.swift */; };
		AF4C15AB2D1D6DA500AAA005 /* AsyncBluetooth in Frameworks */ = {isa = PBXBuildFile; productRef = AF4C15AA2D1D6DA500AAA005 /* AsyncBluetooth */; };
		AF4C15AD2D1D6E5300AAA005 /* DeviceService.swift in Sources */ = {isa = PBXBuildFile; fileRef = AF4C15AC2D1D6E5300AAA005 /* DeviceService.swift */; };
		AF4C15B02D1D709100AAA005 /* LogKit in Frameworks */ = {isa = PBXBuildFile; productRef = AF4C15AF2D1D709100AAA005 /* LogKit */; };
		AF4C15B22D1D76F700AAA005 /* Timeout.swift in Sources */ = {isa = PBXBuildFile; fileRef = AF4C15B12D1D76F700AAA005 /* Timeout.swift */; };
		AF4C15B82D23E62C00AAA005 /* Factory in Frameworks */ = {isa = PBXBuildFile; productRef = AF4C15B72D23E62C00AAA005 /* Factory */; };
		AF4C15BA2D23E66200AAA005 /* Service.swift in Sources */ = {isa = PBXBuildFile; fileRef = AF4C15B92D23E66200AAA005 /* Service.swift */; };
		AF4C15BF2D23F32200AAA005 /* Environment.swift in Sources */ = {isa = PBXBuildFile; fileRef = AF4C15BE2D23F32200AAA005 /* Environment.swift */; };
		AF677A212D2F6E7400CDACE3 /* BluetoothStore.swift in Sources */ = {isa = PBXBuildFile; fileRef = AF677A202D2F6E7400CDACE3 /* BluetoothStore.swift */; };
		AF677A232D2F7A5200CDACE3 /* BluetoothAuthorizationService.swift in Sources */ = {isa = PBXBuildFile; fileRef = AF677A222D2F7A5200CDACE3 /* BluetoothAuthorizationService.swift */; };
		AF677A252D2FAEB500CDACE3 /* BluetoothRestoreService.swift in Sources */ = {isa = PBXBuildFile; fileRef = AF677A242D2FAEB500CDACE3 /* BluetoothRestoreService.swift */; };
		AF677A272D312E0A00CDACE3 /* ConnectionIndicatorView.swift in Sources */ = {isa = PBXBuildFile; fileRef = AF677A262D312E0A00CDACE3 /* ConnectionIndicatorView.swift */; };
		AF8F42A52D253CAE00D7B2FD /* Button.swift in Sources */ = {isa = PBXBuildFile; fileRef = AF8F42A42D253CAE00D7B2FD /* Button.swift */; };
		AF8F42A72D2692E400D7B2FD /* PersistenceService.swift in Sources */ = {isa = PBXBuildFile; fileRef = AF8F42A62D2692E400D7B2FD /* PersistenceService.swift */; };
		AFDEE06D2D33E0AE00C02397 /* .swiftlint.yml in Resources */ = {isa = PBXBuildFile; fileRef = AFDEE06C2D33E0AE00C02397 /* .swiftlint.yml */; };
		AFDEE0702D34EF6700C02397 /* MockPersistenceService.swift in Sources */ = {isa = PBXBuildFile; fileRef = AFDEE06F2D34EF6700C02397 /* MockPersistenceService.swift */; };
		AFDEE0722D34F4A600C02397 /* MockDeviceService.swift in Sources */ = {isa = PBXBuildFile; fileRef = AFDEE0712D34F4A600C02397 /* MockDeviceService.swift */; };
		AFDEE0742D34F74300C02397 /* MockBluetoothService.swift in Sources */ = {isa = PBXBuildFile; fileRef = AFDEE0732D34F74300C02397 /* MockBluetoothService.swift */; };
		AFEC199F2D102A0100404D42 /* SplashView.swift in Sources */ = {isa = PBXBuildFile; fileRef = AFEC199E2D102A0100404D42 /* SplashView.swift */; };
		AFEC19A32D102D3C00404D42 /* HomeView.swift in Sources */ = {isa = PBXBuildFile; fileRef = AFEC19A22D102D3C00404D42 /* HomeView.swift */; };
		AFEC19A72D102F8400404D42 /* TextStyle.swift in Sources */ = {isa = PBXBuildFile; fileRef = AFEC19A62D102F8400404D42 /* TextStyle.swift */; };
		AFEC19B32D116DD000404D42 /* MoreView.swift in Sources */ = {isa = PBXBuildFile; fileRef = AFEC19B22D116DD000404D42 /* MoreView.swift */; };
		AFEC19B52D116E9C00404D42 /* AboutView.swift in Sources */ = {isa = PBXBuildFile; fileRef = AFEC19B42D116E9C00404D42 /* AboutView.swift */; };
		AFEC19B92D116F0100404D42 /* ActivityItem.swift in Sources */ = {isa = PBXBuildFile; fileRef = AFEC19B62D116F0100404D42 /* ActivityItem.swift */; };
		AFEC19BA2D116F0100404D42 /* ActivityView.swift in Sources */ = {isa = PBXBuildFile; fileRef = AFEC19B72D116F0100404D42 /* ActivityView.swift */; };
		AFEC19BC2D116F1C00404D42 /* AppMetadata.swift in Sources */ = {isa = PBXBuildFile; fileRef = AFEC19BB2D116F1C00404D42 /* AppMetadata.swift */; };
		AFEC19BE2D116FC800404D42 /* Extensions.swift in Sources */ = {isa = PBXBuildFile; fileRef = AFEC19BD2D116FC800404D42 /* Extensions.swift */; };
		AFEC19C02D1170BA00404D42 /* WebView.swift in Sources */ = {isa = PBXBuildFile; fileRef = AFEC19BF2D1170BA00404D42 /* WebView.swift */; };
		AFEC19C22D11847700404D42 /* DeviceView.swift in Sources */ = {isa = PBXBuildFile; fileRef = AFEC19C12D11847700404D42 /* DeviceView.swift */; };
		AFEC19C52D11882200404D42 /* MeasurementView.swift in Sources */ = {isa = PBXBuildFile; fileRef = AFEC19C42D11882200404D42 /* MeasurementView.swift */; };
		AFEC19C92D12B12700404D42 /* ChartView.swift in Sources */ = {isa = PBXBuildFile; fileRef = AFEC19C82D12B12700404D42 /* ChartView.swift */; };
		AFEC19CD2D12BF8E00404D42 /* MeasurementStore.swift in Sources */ = {isa = PBXBuildFile; fileRef = AFEC19CC2D12BF8E00404D42 /* MeasurementStore.swift */; };
		AFEC19D32D12C12F00404D42 /* Models.swift in Sources */ = {isa = PBXBuildFile; fileRef = AFEC19D22D12C12F00404D42 /* Models.swift */; };
/* End PBXBuildFile section */

/* Begin PBXContainerItemProxy section */
		44A79D702C9049A000BD84DD /* PBXContainerItemProxy */ = {
			isa = PBXContainerItemProxy;
			containerPortal = 44A79D572C90499E00BD84DD /* Project object */;
			proxyType = 1;
			remoteGlobalIDString = 44A79D5E2C90499E00BD84DD;
			remoteInfo = Oralable;
		};
		44A79D7A2C9049A000BD84DD /* PBXContainerItemProxy */ = {
			isa = PBXContainerItemProxy;
			containerPortal = 44A79D572C90499E00BD84DD /* Project object */;
			proxyType = 1;
			remoteGlobalIDString = 44A79D5E2C90499E00BD84DD;
			remoteInfo = Oralable;
		};
/* End PBXContainerItemProxy section */

/* Begin PBXFileReference section */
		44A79D5F2C90499E00BD84DD /* Oralable.app */ = {isa = PBXFileReference; explicitFileType = wrapper.application; includeInIndex = 0; path = Oralable.app; sourceTree = BUILT_PRODUCTS_DIR; };
		44A79D622C90499E00BD84DD /* OralableApp.swift */ = {isa = PBXFileReference; lastKnownFileType = sourcecode.swift; path = OralableApp.swift; sourceTree = "<group>"; };
		44A79D662C9049A000BD84DD /* Assets.xcassets */ = {isa = PBXFileReference; lastKnownFileType = folder.assetcatalog; path = Assets.xcassets; sourceTree = "<group>"; };
		44A79D692C9049A000BD84DD /* Preview Assets.xcassets */ = {isa = PBXFileReference; lastKnownFileType = folder.assetcatalog; path = "Preview Assets.xcassets"; sourceTree = "<group>"; };
		44A79D6F2C9049A000BD84DD /* OralableTests.xctest */ = {isa = PBXFileReference; explicitFileType = wrapper.cfbundle; includeInIndex = 0; path = OralableTests.xctest; sourceTree = BUILT_PRODUCTS_DIR; };
		44A79D732C9049A000BD84DD /* OralableTests.swift */ = {isa = PBXFileReference; lastKnownFileType = sourcecode.swift; path = OralableTests.swift; sourceTree = "<group>"; };
		44A79D792C9049A000BD84DD /* OralableUITests.xctest */ = {isa = PBXFileReference; explicitFileType = wrapper.cfbundle; includeInIndex = 0; path = OralableUITests.xctest; sourceTree = BUILT_PRODUCTS_DIR; };
		44A79D7D2C9049A000BD84DD /* OralableUITests.swift */ = {isa = PBXFileReference; lastKnownFileType = sourcecode.swift; path = OralableUITests.swift; sourceTree = "<group>"; };
		44A79D7F2C9049A000BD84DD /* OralableUITestsLaunchTests.swift */ = {isa = PBXFileReference; lastKnownFileType = sourcecode.swift; path = OralableUITestsLaunchTests.swift; sourceTree = "<group>"; };
		AF4C15A72D1D6D4E00AAA005 /* BluetoothService.swift */ = {isa = PBXFileReference; lastKnownFileType = sourcecode.swift; path = BluetoothService.swift; sourceTree = "<group>"; };
		AF4C15AC2D1D6E5300AAA005 /* DeviceService.swift */ = {isa = PBXFileReference; lastKnownFileType = sourcecode.swift; path = DeviceService.swift; sourceTree = "<group>"; };
		AF4C15B12D1D76F700AAA005 /* Timeout.swift */ = {isa = PBXFileReference; lastKnownFileType = sourcecode.swift; path = Timeout.swift; sourceTree = "<group>"; };
		AF4C15B32D1E7A5B00AAA005 /* Info.plist */ = {isa = PBXFileReference; lastKnownFileType = text.plist; path = Info.plist; sourceTree = "<group>"; };
		AF4C15B92D23E66200AAA005 /* Service.swift */ = {isa = PBXFileReference; lastKnownFileType = sourcecode.swift; path = Service.swift; sourceTree = "<group>"; };
		AF4C15BE2D23F32200AAA005 /* Environment.swift */ = {isa = PBXFileReference; lastKnownFileType = sourcecode.swift; path = Environment.swift; sourceTree = "<group>"; };
		AF677A202D2F6E7400CDACE3 /* BluetoothStore.swift */ = {isa = PBXFileReference; lastKnownFileType = sourcecode.swift; path = BluetoothStore.swift; sourceTree = "<group>"; };
		AF677A222D2F7A5200CDACE3 /* BluetoothAuthorizationService.swift */ = {isa = PBXFileReference; lastKnownFileType = sourcecode.swift; path = BluetoothAuthorizationService.swift; sourceTree = "<group>"; };
		AF677A242D2FAEB500CDACE3 /* BluetoothRestoreService.swift */ = {isa = PBXFileReference; lastKnownFileType = sourcecode.swift; path = BluetoothRestoreService.swift; sourceTree = "<group>"; };
		AF677A262D312E0A00CDACE3 /* ConnectionIndicatorView.swift */ = {isa = PBXFileReference; lastKnownFileType = sourcecode.swift; path = ConnectionIndicatorView.swift; sourceTree = "<group>"; };
		AF8F42A42D253CAE00D7B2FD /* Button.swift */ = {isa = PBXFileReference; lastKnownFileType = sourcecode.swift; path = Button.swift; sourceTree = "<group>"; };
		AF8F42A62D2692E400D7B2FD /* PersistenceService.swift */ = {isa = PBXFileReference; lastKnownFileType = sourcecode.swift; path = PersistenceService.swift; sourceTree = "<group>"; };
		AFDEE06C2D33E0AE00C02397 /* .swiftlint.yml */ = {isa = PBXFileReference; lastKnownFileType = text.yaml; path = .swiftlint.yml; sourceTree = "<group>"; };
		AFDEE06F2D34EF6700C02397 /* MockPersistenceService.swift */ = {isa = PBXFileReference; lastKnownFileType = sourcecode.swift; path = MockPersistenceService.swift; sourceTree = "<group>"; };
		AFDEE0712D34F4A600C02397 /* MockDeviceService.swift */ = {isa = PBXFileReference; lastKnownFileType = sourcecode.swift; path = MockDeviceService.swift; sourceTree = "<group>"; };
		AFDEE0732D34F74300C02397 /* MockBluetoothService.swift */ = {isa = PBXFileReference; lastKnownFileType = sourcecode.swift; path = MockBluetoothService.swift; sourceTree = "<group>"; };
		AFEC199E2D102A0100404D42 /* SplashView.swift */ = {isa = PBXFileReference; lastKnownFileType = sourcecode.swift; path = SplashView.swift; sourceTree = "<group>"; };
		AFEC19A22D102D3C00404D42 /* HomeView.swift */ = {isa = PBXFileReference; lastKnownFileType = sourcecode.swift; path = HomeView.swift; sourceTree = "<group>"; };
		AFEC19A62D102F8400404D42 /* TextStyle.swift */ = {isa = PBXFileReference; lastKnownFileType = sourcecode.swift; path = TextStyle.swift; sourceTree = "<group>"; };
		AFEC19B22D116DD000404D42 /* MoreView.swift */ = {isa = PBXFileReference; lastKnownFileType = sourcecode.swift; path = MoreView.swift; sourceTree = "<group>"; };
		AFEC19B42D116E9C00404D42 /* AboutView.swift */ = {isa = PBXFileReference; lastKnownFileType = sourcecode.swift; path = AboutView.swift; sourceTree = "<group>"; };
		AFEC19B62D116F0100404D42 /* ActivityItem.swift */ = {isa = PBXFileReference; lastKnownFileType = sourcecode.swift; path = ActivityItem.swift; sourceTree = "<group>"; };
		AFEC19B72D116F0100404D42 /* ActivityView.swift */ = {isa = PBXFileReference; lastKnownFileType = sourcecode.swift; path = ActivityView.swift; sourceTree = "<group>"; };
		AFEC19BB2D116F1C00404D42 /* AppMetadata.swift */ = {isa = PBXFileReference; lastKnownFileType = sourcecode.swift; path = AppMetadata.swift; sourceTree = "<group>"; };
		AFEC19BD2D116FC800404D42 /* Extensions.swift */ = {isa = PBXFileReference; lastKnownFileType = sourcecode.swift; path = Extensions.swift; sourceTree = "<group>"; };
		AFEC19BF2D1170BA00404D42 /* WebView.swift */ = {isa = PBXFileReference; lastKnownFileType = sourcecode.swift; path = WebView.swift; sourceTree = "<group>"; };
		AFEC19C12D11847700404D42 /* DeviceView.swift */ = {isa = PBXFileReference; lastKnownFileType = sourcecode.swift; path = DeviceView.swift; sourceTree = "<group>"; };
		AFEC19C42D11882200404D42 /* MeasurementView.swift */ = {isa = PBXFileReference; lastKnownFileType = sourcecode.swift; path = MeasurementView.swift; sourceTree = "<group>"; };
		AFEC19C82D12B12700404D42 /* ChartView.swift */ = {isa = PBXFileReference; lastKnownFileType = sourcecode.swift; path = ChartView.swift; sourceTree = "<group>"; };
		AFEC19CC2D12BF8E00404D42 /* MeasurementStore.swift */ = {isa = PBXFileReference; lastKnownFileType = sourcecode.swift; path = MeasurementStore.swift; sourceTree = "<group>"; };
		AFEC19D22D12C12F00404D42 /* Models.swift */ = {isa = PBXFileReference; lastKnownFileType = sourcecode.swift; path = Models.swift; sourceTree = "<group>"; };
/* End PBXFileReference section */

/* Begin PBXFrameworksBuildPhase section */
		44A79D5C2C90499E00BD84DD /* Frameworks */ = {
			isa = PBXFrameworksBuildPhase;
			buildActionMask = 2147483647;
			files = (
				AF4C15B82D23E62C00AAA005 /* Factory in Frameworks */,
				AF4C15B02D1D709100AAA005 /* LogKit in Frameworks */,
				AF4C15AB2D1D6DA500AAA005 /* AsyncBluetooth in Frameworks */,
			);
			runOnlyForDeploymentPostprocessing = 0;
		};
		44A79D6C2C9049A000BD84DD /* Frameworks */ = {
			isa = PBXFrameworksBuildPhase;
			buildActionMask = 2147483647;
			files = (
			);
			runOnlyForDeploymentPostprocessing = 0;
		};
		44A79D762C9049A000BD84DD /* Frameworks */ = {
			isa = PBXFrameworksBuildPhase;
			buildActionMask = 2147483647;
			files = (
			);
			runOnlyForDeploymentPostprocessing = 0;
		};
/* End PBXFrameworksBuildPhase section */

/* Begin PBXGroup section */
		44A79D562C90499E00BD84DD = {
			isa = PBXGroup;
			children = (
				AFDEE06C2D33E0AE00C02397 /* .swiftlint.yml */,
				44A79D612C90499E00BD84DD /* Oralable */,
				44A79D722C9049A000BD84DD /* OralableTests */,
				44A79D7C2C9049A000BD84DD /* OralableUITests */,
				AF4C15A92D1D6DA500AAA005 /* Frameworks */,
				44A79D602C90499E00BD84DD /* Products */,
			);
			sourceTree = "<group>";
		};
		44A79D602C90499E00BD84DD /* Products */ = {
			isa = PBXGroup;
			children = (
				44A79D5F2C90499E00BD84DD /* Oralable.app */,
				44A79D6F2C9049A000BD84DD /* OralableTests.xctest */,
				44A79D792C9049A000BD84DD /* OralableUITests.xctest */,
			);
			name = Products;
			sourceTree = "<group>";
		};
		44A79D612C90499E00BD84DD /* Oralable */ = {
			isa = PBXGroup;
			children = (
				AF677A1F2D2F6E5100CDACE3 /* Stores */,
				AF4C15B32D1E7A5B00AAA005 /* Info.plist */,
				AFEC19CB2D12BF3500404D42 /* Views */,
				AFEC19CA2D12BE7000404D42 /* Services */,
				44A79D622C90499E00BD84DD /* OralableApp.swift */,
				AF4C15B12D1D76F700AAA005 /* Timeout.swift */,
				44A79D662C9049A000BD84DD /* Assets.xcassets */,
				44A79D682C9049A000BD84DD /* Preview Content */,
				AFEC19BB2D116F1C00404D42 /* AppMetadata.swift */,
				AFEC19BD2D116FC800404D42 /* Extensions.swift */,
				AFEC19D22D12C12F00404D42 /* Models.swift */,
				AF4C15BE2D23F32200AAA005 /* Environment.swift */,
			);
			path = Oralable;
			sourceTree = "<group>";
		};
		44A79D682C9049A000BD84DD /* Preview Content */ = {
			isa = PBXGroup;
			children = (
				44A79D692C9049A000BD84DD /* Preview Assets.xcassets */,
			);
			path = "Preview Content";
			sourceTree = "<group>";
		};
		44A79D722C9049A000BD84DD /* OralableTests */ = {
			isa = PBXGroup;
			children = (
				44A79D732C9049A000BD84DD /* OralableTests.swift */,
			);
			path = OralableTests;
			sourceTree = "<group>";
		};
		44A79D7C2C9049A000BD84DD /* OralableUITests */ = {
			isa = PBXGroup;
			children = (
				44A79D7D2C9049A000BD84DD /* OralableUITests.swift */,
				44A79D7F2C9049A000BD84DD /* OralableUITestsLaunchTests.swift */,
			);
			path = OralableUITests;
			sourceTree = "<group>";
		};
		AF4C15A92D1D6DA500AAA005 /* Frameworks */ = {
			isa = PBXGroup;
			children = (
			);
			name = Frameworks;
			sourceTree = "<group>";
		};
		AF677A1F2D2F6E5100CDACE3 /* Stores */ = {
			isa = PBXGroup;
			children = (
				AFEC19CC2D12BF8E00404D42 /* MeasurementStore.swift */,
				AF677A202D2F6E7400CDACE3 /* BluetoothStore.swift */,
			);
			path = Stores;
			sourceTree = "<group>";
		};
		AFDEE06E2D34EF4800C02397 /* Mock */ = {
			isa = PBXGroup;
			children = (
				AFDEE06F2D34EF6700C02397 /* MockPersistenceService.swift */,
				AFDEE0712D34F4A600C02397 /* MockDeviceService.swift */,
				AFDEE0732D34F74300C02397 /* MockBluetoothService.swift */,
			);
			path = Mock;
			sourceTree = "<group>";
		};
		AFEC19B82D116F0100404D42 /* ActivityView */ = {
			isa = PBXGroup;
			children = (
				AFEC19B62D116F0100404D42 /* ActivityItem.swift */,
				AFEC19B72D116F0100404D42 /* ActivityView.swift */,
			);
			path = ActivityView;
			sourceTree = "<group>";
		};
		AFEC19C32D11881200404D42 /* Components */ = {
			isa = PBXGroup;
			children = (
				AFEC19C42D11882200404D42 /* MeasurementView.swift */,
				AF677A262D312E0A00CDACE3 /* ConnectionIndicatorView.swift */,
				AFEC19A62D102F8400404D42 /* TextStyle.swift */,
			);
			path = Components;
			sourceTree = "<group>";
		};
		AFEC19CA2D12BE7000404D42 /* Services */ = {
			isa = PBXGroup;
			children = (
				AFDEE06E2D34EF4800C02397 /* Mock */,
				AF4C15A72D1D6D4E00AAA005 /* BluetoothService.swift */,
				AF4C15AC2D1D6E5300AAA005 /* DeviceService.swift */,
				AF4C15B92D23E66200AAA005 /* Service.swift */,
				AF8F42A62D2692E400D7B2FD /* PersistenceService.swift */,
				AF677A222D2F7A5200CDACE3 /* BluetoothAuthorizationService.swift */,
				AF677A242D2FAEB500CDACE3 /* BluetoothRestoreService.swift */,
			);
			path = Services;
			sourceTree = "<group>";
		};
		AFEC19CB2D12BF3500404D42 /* Views */ = {
			isa = PBXGroup;
			children = (
				AFEC19C32D11881200404D42 /* Components */,
				AFEC19B82D116F0100404D42 /* ActivityView */,
				AFEC199E2D102A0100404D42 /* SplashView.swift */,
				AFEC19A22D102D3C00404D42 /* HomeView.swift */,
				AFEC19B22D116DD000404D42 /* MoreView.swift */,
				AFEC19B42D116E9C00404D42 /* AboutView.swift */,
				AFEC19BF2D1170BA00404D42 /* WebView.swift */,
				AFEC19C12D11847700404D42 /* DeviceView.swift */,
				AFEC19C82D12B12700404D42 /* ChartView.swift */,
				AF8F42A42D253CAE00D7B2FD /* Button.swift */,
			);
			path = Views;
			sourceTree = "<group>";
		};
/* End PBXGroup section */

/* Begin PBXNativeTarget section */
		44A79D5E2C90499E00BD84DD /* Oralable */ = {
			isa = PBXNativeTarget;
			buildConfigurationList = 44A79D832C9049A000BD84DD /* Build configuration list for PBXNativeTarget "Oralable" */;
			buildPhases = (
				AFDEE06B2D33CFD300C02397 /* SwiftLint */,
				44A79D5B2C90499E00BD84DD /* Sources */,
				44A79D5C2C90499E00BD84DD /* Frameworks */,
				44A79D5D2C90499E00BD84DD /* Resources */,
			);
			buildRules = (
			);
			dependencies = (
			);
			name = Oralable;
			productName = Oralable;
			productReference = 44A79D5F2C90499E00BD84DD /* Oralable.app */;
			productType = "com.apple.product-type.application";
		};
		44A79D6E2C9049A000BD84DD /* OralableTests */ = {
			isa = PBXNativeTarget;
			buildConfigurationList = 44A79D862C9049A000BD84DD /* Build configuration list for PBXNativeTarget "OralableTests" */;
			buildPhases = (
				AFEC19AD2D1159A900404D42 /* SwiftLint */,
				44A79D6B2C9049A000BD84DD /* Sources */,
				44A79D6C2C9049A000BD84DD /* Frameworks */,
				44A79D6D2C9049A000BD84DD /* Resources */,
			);
			buildRules = (
			);
			dependencies = (
				44A79D712C9049A000BD84DD /* PBXTargetDependency */,
			);
			name = OralableTests;
			productName = OralableTests;
			productReference = 44A79D6F2C9049A000BD84DD /* OralableTests.xctest */;
			productType = "com.apple.product-type.bundle.unit-test";
		};
		44A79D782C9049A000BD84DD /* OralableUITests */ = {
			isa = PBXNativeTarget;
			buildConfigurationList = 44A79D892C9049A000BD84DD /* Build configuration list for PBXNativeTarget "OralableUITests" */;
			buildPhases = (
				44A79D752C9049A000BD84DD /* Sources */,
				44A79D762C9049A000BD84DD /* Frameworks */,
				44A79D772C9049A000BD84DD /* Resources */,
			);
			buildRules = (
			);
			dependencies = (
				44A79D7B2C9049A000BD84DD /* PBXTargetDependency */,
			);
			name = OralableUITests;
			productName = OralableUITests;
			productReference = 44A79D792C9049A000BD84DD /* OralableUITests.xctest */;
			productType = "com.apple.product-type.bundle.ui-testing";
		};
/* End PBXNativeTarget section */

/* Begin PBXProject section */
		44A79D572C90499E00BD84DD /* Project object */ = {
			isa = PBXProject;
			attributes = {
				BuildIndependentTargetsInParallel = 1;
				LastSwiftUpdateCheck = 1540;
				LastUpgradeCheck = 1620;
				TargetAttributes = {
					44A79D5E2C90499E00BD84DD = {
						CreatedOnToolsVersion = 15.4;
					};
					44A79D6E2C9049A000BD84DD = {
						CreatedOnToolsVersion = 15.4;
						TestTargetID = 44A79D5E2C90499E00BD84DD;
					};
					44A79D782C9049A000BD84DD = {
						CreatedOnToolsVersion = 15.4;
						TestTargetID = 44A79D5E2C90499E00BD84DD;
					};
				};
			};
			buildConfigurationList = 44A79D5A2C90499E00BD84DD /* Build configuration list for PBXProject "Oralable" */;
			compatibilityVersion = "Xcode 14.0";
			developmentRegion = en;
			hasScannedForEncodings = 0;
			knownRegions = (
				en,
				Base,
			);
			mainGroup = 44A79D562C90499E00BD84DD;
			packageReferences = (
				AF4C15A62D1D6BD700AAA005 /* XCRemoteSwiftPackageReference "AsyncBluetooth" */,
				AF4C15AE2D1D709100AAA005 /* XCRemoteSwiftPackageReference "logkit" */,
				AF4C15B62D23E62C00AAA005 /* XCRemoteSwiftPackageReference "Factory" */,
			);
			productRefGroup = 44A79D602C90499E00BD84DD /* Products */;
			projectDirPath = "";
			projectRoot = "";
			targets = (
				44A79D5E2C90499E00BD84DD /* Oralable */,
				44A79D6E2C9049A000BD84DD /* OralableTests */,
				44A79D782C9049A000BD84DD /* OralableUITests */,
			);
		};
/* End PBXProject section */

/* Begin PBXResourcesBuildPhase section */
		44A79D5D2C90499E00BD84DD /* Resources */ = {
			isa = PBXResourcesBuildPhase;
			buildActionMask = 2147483647;
			files = (
				AFDEE06D2D33E0AE00C02397 /* .swiftlint.yml in Resources */,
				44A79D6A2C9049A000BD84DD /* Preview Assets.xcassets in Resources */,
				44A79D672C9049A000BD84DD /* Assets.xcassets in Resources */,
			);
			runOnlyForDeploymentPostprocessing = 0;
		};
		44A79D6D2C9049A000BD84DD /* Resources */ = {
			isa = PBXResourcesBuildPhase;
			buildActionMask = 2147483647;
			files = (
			);
			runOnlyForDeploymentPostprocessing = 0;
		};
		44A79D772C9049A000BD84DD /* Resources */ = {
			isa = PBXResourcesBuildPhase;
			buildActionMask = 2147483647;
			files = (
			);
			runOnlyForDeploymentPostprocessing = 0;
		};
/* End PBXResourcesBuildPhase section */

/* Begin PBXShellScriptBuildPhase section */
		AFDEE06B2D33CFD300C02397 /* SwiftLint */ = {
			isa = PBXShellScriptBuildPhase;
			alwaysOutOfDate = 1;
			buildActionMask = 2147483647;
			files = (
			);
			inputFileListPaths = (
			);
			inputPaths = (
			);
			name = SwiftLint;
			outputFileListPaths = (
			);
			outputPaths = (
			);
			runOnlyForDeploymentPostprocessing = 0;
			shellPath = /bin/sh;
			shellScript = "export PATH=\"$PATH:/opt/homebrew/bin\"\nif which swiftlint > /dev/null; then\n  swiftlint\nelse\n  echo \"warning: SwiftLint not installed, try: brew install swiftlint\"\nfi\n";
		};
		AFEC19AD2D1159A900404D42 /* SwiftLint */ = {
			isa = PBXShellScriptBuildPhase;
			buildActionMask = 2147483647;
			files = (
			);
			inputFileListPaths = (
			);
			inputPaths = (
			);
			name = SwiftLint;
			outputFileListPaths = (
			);
			outputPaths = (
			);
			runOnlyForDeploymentPostprocessing = 0;
			shellPath = /bin/sh;
			shellScript = "# Type a script or drag a script file from your workspace to insert its path.\n\"${BUILD_DIR%/Build/*}/SourcePackages/checkouts/SwiftLint/swiftlint\" --strict\n";
		};
/* End PBXShellScriptBuildPhase section */

/* Begin PBXSourcesBuildPhase section */
		44A79D5B2C90499E00BD84DD /* Sources */ = {
			isa = PBXSourcesBuildPhase;
			buildActionMask = 2147483647;
			files = (
				AF4C15A82D1D6D4E00AAA005 /* BluetoothService.swift in Sources */,
				AFEC19A72D102F8400404D42 /* TextStyle.swift in Sources */,
				AF4C15BA2D23E66200AAA005 /* Service.swift in Sources */,
				AFEC199F2D102A0100404D42 /* SplashView.swift in Sources */,
				AFEC19B92D116F0100404D42 /* ActivityItem.swift in Sources */,
				AF677A232D2F7A5200CDACE3 /* BluetoothAuthorizationService.swift in Sources */,
				AFEC19BA2D116F0100404D42 /* ActivityView.swift in Sources */,
				AFEC19B32D116DD000404D42 /* MoreView.swift in Sources */,
				AFEC19C22D11847700404D42 /* DeviceView.swift in Sources */,
				AFEC19C02D1170BA00404D42 /* WebView.swift in Sources */,
				AFEC19B52D116E9C00404D42 /* AboutView.swift in Sources */,
				AFEC19BC2D116F1C00404D42 /* AppMetadata.swift in Sources */,
				AFDEE0742D34F74300C02397 /* MockBluetoothService.swift in Sources */,
				AFEC19C92D12B12700404D42 /* ChartView.swift in Sources */,
				AFEC19C52D11882200404D42 /* MeasurementView.swift in Sources */,
				AF8F42A52D253CAE00D7B2FD /* Button.swift in Sources */,
				AFDEE0702D34EF6700C02397 /* MockPersistenceService.swift in Sources */,
				AFEC19CD2D12BF8E00404D42 /* MeasurementStore.swift in Sources */,
				AF677A272D312E0A00CDACE3 /* ConnectionIndicatorView.swift in Sources */,
				AFEC19A32D102D3C00404D42 /* HomeView.swift in Sources */,
				AF677A252D2FAEB500CDACE3 /* BluetoothRestoreService.swift in Sources */,
				AFDEE0722D34F4A600C02397 /* MockDeviceService.swift in Sources */,
				AF8F42A72D2692E400D7B2FD /* PersistenceService.swift in Sources */,
				44A79D632C90499E00BD84DD /* OralableApp.swift in Sources */,
				AF677A212D2F6E7400CDACE3 /* BluetoothStore.swift in Sources */,
				AF4C15BF2D23F32200AAA005 /* Environment.swift in Sources */,
				AFEC19BE2D116FC800404D42 /* Extensions.swift in Sources */,
				AF4C15AD2D1D6E5300AAA005 /* DeviceService.swift in Sources */,
				AFEC19D32D12C12F00404D42 /* Models.swift in Sources */,
				AF4C15B22D1D76F700AAA005 /* Timeout.swift in Sources */,
			);
			runOnlyForDeploymentPostprocessing = 0;
		};
		44A79D6B2C9049A000BD84DD /* Sources */ = {
			isa = PBXSourcesBuildPhase;
			buildActionMask = 2147483647;
			files = (
				44A79D742C9049A000BD84DD /* OralableTests.swift in Sources */,
			);
			runOnlyForDeploymentPostprocessing = 0;
		};
		44A79D752C9049A000BD84DD /* Sources */ = {
			isa = PBXSourcesBuildPhase;
			buildActionMask = 2147483647;
			files = (
				44A79D802C9049A000BD84DD /* OralableUITestsLaunchTests.swift in Sources */,
				44A79D7E2C9049A000BD84DD /* OralableUITests.swift in Sources */,
			);
			runOnlyForDeploymentPostprocessing = 0;
		};
/* End PBXSourcesBuildPhase section */

/* Begin PBXTargetDependency section */
		44A79D712C9049A000BD84DD /* PBXTargetDependency */ = {
			isa = PBXTargetDependency;
			target = 44A79D5E2C90499E00BD84DD /* Oralable */;
			targetProxy = 44A79D702C9049A000BD84DD /* PBXContainerItemProxy */;
		};
		44A79D7B2C9049A000BD84DD /* PBXTargetDependency */ = {
			isa = PBXTargetDependency;
			target = 44A79D5E2C90499E00BD84DD /* Oralable */;
			targetProxy = 44A79D7A2C9049A000BD84DD /* PBXContainerItemProxy */;
		};
/* End PBXTargetDependency section */

/* Begin XCBuildConfiguration section */
		44A79D812C9049A000BD84DD /* Debug */ = {
			isa = XCBuildConfiguration;
			buildSettings = {
				ALWAYS_SEARCH_USER_PATHS = NO;
				ASSETCATALOG_COMPILER_GENERATE_SWIFT_ASSET_SYMBOL_EXTENSIONS = YES;
				CLANG_ANALYZER_NONNULL = YES;
				CLANG_ANALYZER_NUMBER_OBJECT_CONVERSION = YES_AGGRESSIVE;
				CLANG_CXX_LANGUAGE_STANDARD = "gnu++20";
				CLANG_ENABLE_MODULES = YES;
				CLANG_ENABLE_OBJC_ARC = YES;
				CLANG_ENABLE_OBJC_WEAK = YES;
				CLANG_WARN_BLOCK_CAPTURE_AUTORELEASING = YES;
				CLANG_WARN_BOOL_CONVERSION = YES;
				CLANG_WARN_COMMA = YES;
				CLANG_WARN_CONSTANT_CONVERSION = YES;
				CLANG_WARN_DEPRECATED_OBJC_IMPLEMENTATIONS = YES;
				CLANG_WARN_DIRECT_OBJC_ISA_USAGE = YES_ERROR;
				CLANG_WARN_DOCUMENTATION_COMMENTS = YES;
				CLANG_WARN_EMPTY_BODY = YES;
				CLANG_WARN_ENUM_CONVERSION = YES;
				CLANG_WARN_INFINITE_RECURSION = YES;
				CLANG_WARN_INT_CONVERSION = YES;
				CLANG_WARN_NON_LITERAL_NULL_CONVERSION = YES;
				CLANG_WARN_OBJC_IMPLICIT_RETAIN_SELF = YES;
				CLANG_WARN_OBJC_LITERAL_CONVERSION = YES;
				CLANG_WARN_OBJC_ROOT_CLASS = YES_ERROR;
				CLANG_WARN_QUOTED_INCLUDE_IN_FRAMEWORK_HEADER = YES;
				CLANG_WARN_RANGE_LOOP_ANALYSIS = YES;
				CLANG_WARN_STRICT_PROTOTYPES = YES;
				CLANG_WARN_SUSPICIOUS_MOVE = YES;
				CLANG_WARN_UNGUARDED_AVAILABILITY = YES_AGGRESSIVE;
				CLANG_WARN_UNREACHABLE_CODE = YES;
				CLANG_WARN__DUPLICATE_METHOD_MATCH = YES;
				COPY_PHASE_STRIP = NO;
				DEBUG_INFORMATION_FORMAT = dwarf;
				ENABLE_STRICT_OBJC_MSGSEND = YES;
				ENABLE_TESTABILITY = YES;
				ENABLE_USER_SCRIPT_SANDBOXING = NO;
				GCC_C_LANGUAGE_STANDARD = gnu17;
				GCC_DYNAMIC_NO_PIC = NO;
				GCC_NO_COMMON_BLOCKS = YES;
				GCC_OPTIMIZATION_LEVEL = 0;
				GCC_PREPROCESSOR_DEFINITIONS = (
					"DEBUG=1",
					"$(inherited)",
				);
				GCC_WARN_64_TO_32_BIT_CONVERSION = YES;
				GCC_WARN_ABOUT_RETURN_TYPE = YES_ERROR;
				GCC_WARN_UNDECLARED_SELECTOR = YES;
				GCC_WARN_UNINITIALIZED_AUTOS = YES_AGGRESSIVE;
				GCC_WARN_UNUSED_FUNCTION = YES;
				GCC_WARN_UNUSED_VARIABLE = YES;
				IPHONEOS_DEPLOYMENT_TARGET = 17.5;
				LOCALIZATION_PREFERS_STRING_CATALOGS = YES;
				MTL_ENABLE_DEBUG_INFO = INCLUDE_SOURCE;
				MTL_FAST_MATH = YES;
				ONLY_ACTIVE_ARCH = YES;
				SDKROOT = iphoneos;
				SWIFT_ACTIVE_COMPILATION_CONDITIONS = "DEBUG $(inherited)";
				SWIFT_OPTIMIZATION_LEVEL = "-Onone";
			};
			name = Debug;
		};
		44A79D822C9049A000BD84DD /* Release */ = {
			isa = XCBuildConfiguration;
			buildSettings = {
				ALWAYS_SEARCH_USER_PATHS = NO;
				ASSETCATALOG_COMPILER_GENERATE_SWIFT_ASSET_SYMBOL_EXTENSIONS = YES;
				CLANG_ANALYZER_NONNULL = YES;
				CLANG_ANALYZER_NUMBER_OBJECT_CONVERSION = YES_AGGRESSIVE;
				CLANG_CXX_LANGUAGE_STANDARD = "gnu++20";
				CLANG_ENABLE_MODULES = YES;
				CLANG_ENABLE_OBJC_ARC = YES;
				CLANG_ENABLE_OBJC_WEAK = YES;
				CLANG_WARN_BLOCK_CAPTURE_AUTORELEASING = YES;
				CLANG_WARN_BOOL_CONVERSION = YES;
				CLANG_WARN_COMMA = YES;
				CLANG_WARN_CONSTANT_CONVERSION = YES;
				CLANG_WARN_DEPRECATED_OBJC_IMPLEMENTATIONS = YES;
				CLANG_WARN_DIRECT_OBJC_ISA_USAGE = YES_ERROR;
				CLANG_WARN_DOCUMENTATION_COMMENTS = YES;
				CLANG_WARN_EMPTY_BODY = YES;
				CLANG_WARN_ENUM_CONVERSION = YES;
				CLANG_WARN_INFINITE_RECURSION = YES;
				CLANG_WARN_INT_CONVERSION = YES;
				CLANG_WARN_NON_LITERAL_NULL_CONVERSION = YES;
				CLANG_WARN_OBJC_IMPLICIT_RETAIN_SELF = YES;
				CLANG_WARN_OBJC_LITERAL_CONVERSION = YES;
				CLANG_WARN_OBJC_ROOT_CLASS = YES_ERROR;
				CLANG_WARN_QUOTED_INCLUDE_IN_FRAMEWORK_HEADER = YES;
				CLANG_WARN_RANGE_LOOP_ANALYSIS = YES;
				CLANG_WARN_STRICT_PROTOTYPES = YES;
				CLANG_WARN_SUSPICIOUS_MOVE = YES;
				CLANG_WARN_UNGUARDED_AVAILABILITY = YES_AGGRESSIVE;
				CLANG_WARN_UNREACHABLE_CODE = YES;
				CLANG_WARN__DUPLICATE_METHOD_MATCH = YES;
				COPY_PHASE_STRIP = NO;
				DEBUG_INFORMATION_FORMAT = "dwarf-with-dsym";
				ENABLE_NS_ASSERTIONS = NO;
				ENABLE_STRICT_OBJC_MSGSEND = YES;
				ENABLE_USER_SCRIPT_SANDBOXING = NO;
				GCC_C_LANGUAGE_STANDARD = gnu17;
				GCC_NO_COMMON_BLOCKS = YES;
				GCC_WARN_64_TO_32_BIT_CONVERSION = YES;
				GCC_WARN_ABOUT_RETURN_TYPE = YES_ERROR;
				GCC_WARN_UNDECLARED_SELECTOR = YES;
				GCC_WARN_UNINITIALIZED_AUTOS = YES_AGGRESSIVE;
				GCC_WARN_UNUSED_FUNCTION = YES;
				GCC_WARN_UNUSED_VARIABLE = YES;
				IPHONEOS_DEPLOYMENT_TARGET = 17.5;
				LOCALIZATION_PREFERS_STRING_CATALOGS = YES;
				MTL_ENABLE_DEBUG_INFO = NO;
				MTL_FAST_MATH = YES;
				SDKROOT = iphoneos;
				SWIFT_COMPILATION_MODE = wholemodule;
				VALIDATE_PRODUCT = YES;
			};
			name = Release;
		};
		44A79D842C9049A000BD84DD /* Debug */ = {
			isa = XCBuildConfiguration;
			buildSettings = {
				ASSETCATALOG_COMPILER_APPICON_NAME = AppIcon;
				ASSETCATALOG_COMPILER_GLOBAL_ACCENT_COLOR_NAME = AccentColor;
				CODE_SIGN_STYLE = Automatic;
				CURRENT_PROJECT_VERSION = 1;
				DEVELOPMENT_ASSET_PATHS = "\"Oralable/Preview Content\"";
				DEVELOPMENT_TEAM = THKF822TTP;
				ENABLE_PREVIEWS = YES;
				GENERATE_INFOPLIST_FILE = YES;
				INFOPLIST_FILE = Oralable/Info.plist;
				INFOPLIST_KEY_UIApplicationSceneManifest_Generation = YES;
				INFOPLIST_KEY_UIApplicationSupportsIndirectInputEvents = YES;
				INFOPLIST_KEY_UILaunchScreen_Generation = YES;
				INFOPLIST_KEY_UISupportedInterfaceOrientations = UIInterfaceOrientationPortrait;
				INFOPLIST_KEY_UISupportedInterfaceOrientations_iPad = "UIInterfaceOrientationLandscapeLeft UIInterfaceOrientationLandscapeRight UIInterfaceOrientationPortrait UIInterfaceOrientationPortraitUpsideDown";
				IPHONEOS_DEPLOYMENT_TARGET = 18.0;
				LD_RUNPATH_SEARCH_PATHS = (
					"$(inherited)",
					"@executable_path/Frameworks",
				);
				MARKETING_VERSION = 4.0;
				PRODUCT_BUNDLE_IDENTIFIER = tbm.oralable.com.Oralable;
				PRODUCT_NAME = "$(TARGET_NAME)";
				SUPPORTED_PLATFORMS = "iphoneos iphonesimulator";
				SUPPORTS_MACCATALYST = NO;
				SUPPORTS_MAC_DESIGNED_FOR_IPHONE_IPAD = NO;
				SWIFT_EMIT_LOC_STRINGS = YES;
				SWIFT_VERSION = 6.0;
				TARGETED_DEVICE_FAMILY = "1,2";
			};
			name = Debug;
		};
		44A79D852C9049A000BD84DD /* Release */ = {
			isa = XCBuildConfiguration;
			buildSettings = {
				ASSETCATALOG_COMPILER_APPICON_NAME = AppIcon;
				ASSETCATALOG_COMPILER_GLOBAL_ACCENT_COLOR_NAME = AccentColor;
				CODE_SIGN_STYLE = Automatic;
				CURRENT_PROJECT_VERSION = 1;
				DEVELOPMENT_ASSET_PATHS = "\"Oralable/Preview Content\"";
				DEVELOPMENT_TEAM = THKF822TTP;
				ENABLE_PREVIEWS = YES;
				GENERATE_INFOPLIST_FILE = YES;
				INFOPLIST_FILE = Oralable/Info.plist;
				INFOPLIST_KEY_UIApplicationSceneManifest_Generation = YES;
				INFOPLIST_KEY_UIApplicationSupportsIndirectInputEvents = YES;
				INFOPLIST_KEY_UILaunchScreen_Generation = YES;
				INFOPLIST_KEY_UISupportedInterfaceOrientations = UIInterfaceOrientationPortrait;
				INFOPLIST_KEY_UISupportedInterfaceOrientations_iPad = "UIInterfaceOrientationLandscapeLeft UIInterfaceOrientationLandscapeRight UIInterfaceOrientationPortrait UIInterfaceOrientationPortraitUpsideDown";
				IPHONEOS_DEPLOYMENT_TARGET = 18.0;
				LD_RUNPATH_SEARCH_PATHS = (
					"$(inherited)",
					"@executable_path/Frameworks",
				);
				MARKETING_VERSION = 4.0;
				PRODUCT_BUNDLE_IDENTIFIER = tbm.oralable.com.Oralable;
				PRODUCT_NAME = "$(TARGET_NAME)";
				SUPPORTED_PLATFORMS = "iphoneos iphonesimulator";
				SUPPORTS_MACCATALYST = NO;
				SUPPORTS_MAC_DESIGNED_FOR_IPHONE_IPAD = NO;
				SWIFT_EMIT_LOC_STRINGS = YES;
				SWIFT_VERSION = 6.0;
				TARGETED_DEVICE_FAMILY = "1,2";
			};
			name = Release;
		};
		44A79D872C9049A000BD84DD /* Debug */ = {
			isa = XCBuildConfiguration;
			buildSettings = {
				BUNDLE_LOADER = "$(TEST_HOST)";
				CODE_SIGN_STYLE = Automatic;
				CURRENT_PROJECT_VERSION = 1;
				DEVELOPMENT_TEAM = THKF822TTP;
				GENERATE_INFOPLIST_FILE = YES;
				IPHONEOS_DEPLOYMENT_TARGET = 17.5;
				MARKETING_VERSION = 1.0;
				PRODUCT_BUNDLE_IDENTIFIER = tbm.oralable.com.OralableTests;
				PRODUCT_NAME = "$(TARGET_NAME)";
				SWIFT_EMIT_LOC_STRINGS = NO;
				SWIFT_VERSION = 5.0;
				TARGETED_DEVICE_FAMILY = "1,2";
				TEST_HOST = "$(BUILT_PRODUCTS_DIR)/Oralable.app/$(BUNDLE_EXECUTABLE_FOLDER_PATH)/Oralable";
			};
			name = Debug;
		};
		44A79D882C9049A000BD84DD /* Release */ = {
			isa = XCBuildConfiguration;
			buildSettings = {
				BUNDLE_LOADER = "$(TEST_HOST)";
				CODE_SIGN_STYLE = Automatic;
				CURRENT_PROJECT_VERSION = 1;
				DEVELOPMENT_TEAM = THKF822TTP;
				GENERATE_INFOPLIST_FILE = YES;
				IPHONEOS_DEPLOYMENT_TARGET = 17.5;
				MARKETING_VERSION = 1.0;
				PRODUCT_BUNDLE_IDENTIFIER = tbm.oralable.com.OralableTests;
				PRODUCT_NAME = "$(TARGET_NAME)";
				SWIFT_EMIT_LOC_STRINGS = NO;
				SWIFT_VERSION = 5.0;
				TARGETED_DEVICE_FAMILY = "1,2";
				TEST_HOST = "$(BUILT_PRODUCTS_DIR)/Oralable.app/$(BUNDLE_EXECUTABLE_FOLDER_PATH)/Oralable";
			};
			name = Release;
		};
		44A79D8A2C9049A000BD84DD /* Debug */ = {
			isa = XCBuildConfiguration;
			buildSettings = {
				CODE_SIGN_STYLE = Automatic;
				CURRENT_PROJECT_VERSION = 1;
				DEVELOPMENT_TEAM = THKF822TTP;
				GENERATE_INFOPLIST_FILE = YES;
				MARKETING_VERSION = 1.0;
				PRODUCT_BUNDLE_IDENTIFIER = tbm.oralable.com.OralableUITests;
				PRODUCT_NAME = "$(TARGET_NAME)";
				SWIFT_EMIT_LOC_STRINGS = NO;
				SWIFT_VERSION = 5.0;
				TARGETED_DEVICE_FAMILY = "1,2";
				TEST_TARGET_NAME = Oralable;
			};
			name = Debug;
		};
		44A79D8B2C9049A000BD84DD /* Release */ = {
			isa = XCBuildConfiguration;
			buildSettings = {
				CODE_SIGN_STYLE = Automatic;
				CURRENT_PROJECT_VERSION = 1;
				DEVELOPMENT_TEAM = THKF822TTP;
				GENERATE_INFOPLIST_FILE = YES;
				MARKETING_VERSION = 1.0;
				PRODUCT_BUNDLE_IDENTIFIER = tbm.oralable.com.OralableUITests;
				PRODUCT_NAME = "$(TARGET_NAME)";
				SWIFT_EMIT_LOC_STRINGS = NO;
				SWIFT_VERSION = 5.0;
				TARGETED_DEVICE_FAMILY = "1,2";
				TEST_TARGET_NAME = Oralable;
			};
			name = Release;
		};
/* End XCBuildConfiguration section */

/* Begin XCConfigurationList section */
		44A79D5A2C90499E00BD84DD /* Build configuration list for PBXProject "Oralable" */ = {
			isa = XCConfigurationList;
			buildConfigurations = (
				44A79D812C9049A000BD84DD /* Debug */,
				44A79D822C9049A000BD84DD /* Release */,
			);
			defaultConfigurationIsVisible = 0;
			defaultConfigurationName = Release;
		};
		44A79D832C9049A000BD84DD /* Build configuration list for PBXNativeTarget "Oralable" */ = {
			isa = XCConfigurationList;
			buildConfigurations = (
				44A79D842C9049A000BD84DD /* Debug */,
				44A79D852C9049A000BD84DD /* Release */,
			);
			defaultConfigurationIsVisible = 0;
			defaultConfigurationName = Release;
		};
		44A79D862C9049A000BD84DD /* Build configuration list for PBXNativeTarget "OralableTests" */ = {
			isa = XCConfigurationList;
			buildConfigurations = (
				44A79D872C9049A000BD84DD /* Debug */,
				44A79D882C9049A000BD84DD /* Release */,
			);
			defaultConfigurationIsVisible = 0;
			defaultConfigurationName = Release;
		};
		44A79D892C9049A000BD84DD /* Build configuration list for PBXNativeTarget "OralableUITests" */ = {
			isa = XCConfigurationList;
			buildConfigurations = (
				44A79D8A2C9049A000BD84DD /* Debug */,
				44A79D8B2C9049A000BD84DD /* Release */,
			);
			defaultConfigurationIsVisible = 0;
			defaultConfigurationName = Release;
		};
/* End XCConfigurationList section */

/* Begin XCRemoteSwiftPackageReference section */
		AF4C15A62D1D6BD700AAA005 /* XCRemoteSwiftPackageReference "AsyncBluetooth" */ = {
			isa = XCRemoteSwiftPackageReference;
			repositoryURL = "https://github.com/manolofdez/AsyncBluetooth";
			requirement = {
				kind = upToNextMajorVersion;
				minimumVersion = 5.0.0;
			};
		};
		AF4C15AE2D1D709100AAA005 /* XCRemoteSwiftPackageReference "logkit" */ = {
			isa = XCRemoteSwiftPackageReference;
			repositoryURL = "https://github.com/gdetari/logkit";
			requirement = {
				branch = main;
				kind = branch;
			};
		};
		AF4C15B62D23E62C00AAA005 /* XCRemoteSwiftPackageReference "Factory" */ = {
			isa = XCRemoteSwiftPackageReference;
			repositoryURL = "https://github.com/hmlongco/Factory";
			requirement = {
				kind = upToNextMajorVersion;
				minimumVersion = 2.0.0;
			};
		};
/* End XCRemoteSwiftPackageReference section */

/* Begin XCSwiftPackageProductDependency section */
		AF4C15AA2D1D6DA500AAA005 /* AsyncBluetooth */ = {
			isa = XCSwiftPackageProductDependency;
			package = AF4C15A62D1D6BD700AAA005 /* XCRemoteSwiftPackageReference "AsyncBluetooth" */;
			productName = AsyncBluetooth;
		};
		AF4C15AF2D1D709100AAA005 /* LogKit */ = {
			isa = XCSwiftPackageProductDependency;
			package = AF4C15AE2D1D709100AAA005 /* XCRemoteSwiftPackageReference "logkit" */;
			productName = LogKit;
		};
		AF4C15B72D23E62C00AAA005 /* Factory */ = {
			isa = XCSwiftPackageProductDependency;
			package = AF4C15B62D23E62C00AAA005 /* XCRemoteSwiftPackageReference "Factory" */;
			productName = Factory;
		};
/* End XCSwiftPackageProductDependency section */
	};
	rootObject = 44A79D572C90499E00BD84DD /* Project object */;
}
